
Microsoft Visual Studio Solution File, Format Version 12.00
# Visual Studio Version 17
VisualStudioVersion = 17.11.35222.181
MinimumVisualStudioVersion = 10.0.40219.1
Project("{8BC9CEB8-8B4A-11D0-8D11-00A0C91BC942}") = "Singularity", "Singularity\Singularity.vcxproj", "{EB298AA8-C263-4243-B817-0A8FA397483F}"
EndProject
Global
	GlobalSection(SolutionConfigurationPlatforms) = preSolution
		Debug|x64 = Debug|x64
		Debug|x86 = Debug|x86
		Release|x64 = Release|x64
		Release|x86 = Release|x86
	EndGlobalSection
	GlobalSection(ProjectConfigurationPlatforms) = postSolution
		{EB298AA8-C263-4243-B817-0A8FA397483F}.Debug|x64.ActiveCfg = Debug|x64
		{EB298AA8-C263-4243-B817-0A8FA397483F}.Debug|x64.Build.0 = Debug|x64
		{EB298AA8-C263-4243-B817-0A8FA397483F}.Debug|x86.ActiveCfg = Debug|Win32
		{EB298AA8-C263-4243-B817-0A8FA397483F}.Debug|x86.Build.0 = Debug|Win32
		{EB298AA8-C263-4243-B817-0A8FA397483F}.Release|x64.ActiveCfg = Release|x64
		{EB298AA8-C263-4243-B817-0A8FA397483F}.Release|x64.Build.0 = Release|x64
		{EB298AA8-C263-4243-B817-0A8FA397483F}.Release|x86.ActiveCfg = Release|Win32
		{EB298AA8-C263-4243-B817-0A8FA397483F}.Release|x86.Build.0 = Release|Win32
	EndGlobalSection
	GlobalSection(SolutionProperties) = preSolution
		HideSolutionNode = FALSE
	EndGlobalSection
	GlobalSection(ExtensibilityGlobals) = postSolution
		SolutionGuid = {9829EB5A-48D8-450D-9856-4BD0E38186B6}
	EndGlobalSection
EndGlobal
